<?xml version="1.0" encoding="utf-8"?>
<Project ToolsVersion="4.0" xmlns="http://schemas.microsoft.com/developer/msbuild/2003">
  <ItemGroup>
    <Filter Include="Source Files">
      <UniqueIdentifier>{4FC737F1-C7A5-4376-A066-2A32D752A2FF}</UniqueIdentifier>
      <Extensions>cpp;c;cc;cxx;def;odl;idl;hpj;bat;asm;asmx</Extensions>
    </Filter>
    <Filter Include="Header Files">
      <UniqueIdentifier>{93995380-89BD-4b04-88EB-625FBE52EBFB}</UniqueIdentifier>
      <Extensions>h;hh;hpp;hxx;hm;inl;inc;xsd</Extensions>
    </Filter>
    <Filter Include="Models">
      <UniqueIdentifier>{37ff7cdb-984e-4308-aabb-8199f9d94820}</UniqueIdentifier>
    </Filter>
    <Filter Include="Views">
      <UniqueIdentifier>{20ba9cd2-0249-4040-9b59-6aadb8d0cbd0}</UniqueIdentifier>
    </Filter>
  </ItemGroup>
  <ItemGroup>
    <ClCompile Include="Main.cpp">
      <Filter>Source Files</Filter>
    </ClCompile>
    <ClCompile Include="FWApplication.cpp">
      <Filter>Source Files</Filter>
    </ClCompile>
    <ClCompile Include="Edge.cpp">
      <Filter>Models</Filter>
    </ClCompile>
    <ClCompile Include="Graph.cpp">
      <Filter>Models</Filter>
    </ClCompile>
    <ClCompile Include="Vertex.cpp">
      <Filter>Models</Filter>
    </ClCompile>
    <ClCompile Include="DrawService.cpp">
      <Filter>Views</Filter>
    </ClCompile>
    <ClCompile Include="Animal.cpp">
      <Filter>Models</Filter>
    </ClCompile>
    <ClCompile Include="Cow.cpp">
      <Filter>Models</Filter>
    </ClCompile>
    <ClCompile Include="Hare.cpp">
      <Filter>Models</Filter>
    </ClCompile>
    <ClCompile Include="AnimalState.cpp">
      <Filter>Source Files</Filter>
    </ClCompile>
    <ClCompile Include="Pill.cpp">
      <Filter>Source Files</Filter>
    </ClCompile>
  </ItemGroup>
  <ItemGroup>
    <None Include="SDL2.dll" />
  </ItemGroup>
  <ItemGroup>
    <ClInclude Include="Config.h">
      <Filter>Header Files</Filter>
    </ClInclude>
    <ClInclude Include="FWApplication.h">
      <Filter>Header Files</Filter>
    </ClInclude>
    <ClInclude Include="IGameObject.h">
      <Filter>Header Files</Filter>
    </ClInclude>
    <ClInclude Include="Vertex.h">
      <Filter>Models</Filter>
    </ClInclude>
    <ClInclude Include="Edge.h">
      <Filter>Models</Filter>
    </ClInclude>
    <ClInclude Include="Graph.h">
      <Filter>Models</Filter>
    </ClInclude>
    <ClInclude Include="DrawService.h">
      <Filter>Views</Filter>
    </ClInclude>
    <ClInclude Include="Animal.h">
      <Filter>Models</Filter>
    </ClInclude>
    <ClInclude Include="Cow.h">
      <Filter>Models</Filter>
    </ClInclude>
    <ClInclude Include="Hare.h">
      <Filter>Models</Filter>
    </ClInclude>
    <ClInclude Include="AnimalState.h">
      <Filter>Header Files</Filter>
    </ClInclude>
    <ClInclude Include="Pill.h">
      <Filter>Header Files</Filter>
    </ClInclude>
  </ItemGroup>
</Project>